<?xml version="1.0" encoding="utf-8"?>
<Project ToolsVersion="4.0" xmlns="http://schemas.microsoft.com/developer/msbuild/2003">
  <ItemGroup>
    <Filter Include="GUI">
      <UniqueIdentifier>{89e8cd06-3cdb-4b80-8d73-7a26442db522}</UniqueIdentifier>
    </Filter>
    <Filter Include="ChessLibrary">
      <UniqueIdentifier>{607578bf-63d3-4bf4-8941-78f2ae3226aa}</UniqueIdentifier>
    </Filter>
    <Filter Include="main">
      <UniqueIdentifier>{7dad9d48-e77a-4059-9f47-ff45421a3bb8}</UniqueIdentifier>
    </Filter>
    <Filter Include="ChessPlayer">
      <UniqueIdentifier>{eb68077a-c3c8-474d-92e2-c1c4b69c3e66}</UniqueIdentifier>
    </Filter>
    <Filter Include="ChessGame">
      <UniqueIdentifier>{175e1dc7-c2a3-4a7c-b5eb-86d1f02c5bb5}</UniqueIdentifier>
    </Filter>
    <Filter Include="NeuralNet">
      <UniqueIdentifier>{680a42f2-41f6-404a-b79c-821b344542ab}</UniqueIdentifier>
    </Filter>
    <Filter Include="GeneticAlgorithm">
      <UniqueIdentifier>{216449b2-8cc0-487a-a620-82fb92f47be2}</UniqueIdentifier>
    </Filter>
    <Filter Include="Timer">
      <UniqueIdentifier>{33491bec-8ae5-4d17-976f-a3d4c26a515c}</UniqueIdentifier>
    </Filter>
    <Filter Include="ChessHelpers">
      <UniqueIdentifier>{c7002abb-8063-4337-af59-c74de7b6d554}</UniqueIdentifier>
    </Filter>
  </ItemGroup>
  <ItemGroup>
    <ClCompile Include="3rdParty\ChessLibrary\thc.cpp">
      <Filter>ChessLibrary</Filter>
    </ClCompile>
    <ClCompile Include="GeneticChessAi.cpp">
      <Filter>main</Filter>
    </ClCompile>
    <ClCompile Include="ChessGUI.cpp">
      <Filter>GUI</Filter>
    </ClCompile>
    <ClCompile Include="HumanPlayer.cpp">
      <Filter>ChessPlayer</Filter>
    </ClCompile>
    <ClCompile Include="ChessGame.cpp">
      <Filter>ChessGame</Filter>
    </ClCompile>
    <ClCompile Include="RandomBot.cpp">
      <Filter>ChessPlayer</Filter>
    </ClCompile>
    <ClCompile Include="MiniMaxPlayer.cpp">
      <Filter>ChessPlayer</Filter>
    </ClCompile>
    <ClCompile Include="EvalFunctions.cpp">
      <Filter>ChessHelpers</Filter>
    </ClCompile>
    <ClCompile Include="MoveOrdering.cpp">
      <Filter>ChessHelpers</Filter>
    </ClCompile>
    <ClCompile Include="NeuralNetwork.cpp">
      <Filter>NeuralNet</Filter>
    </ClCompile>
    <ClCompile Include="ActivationFunctions.cpp">
      <Filter>NeuralNet</Filter>
    </ClCompile>
    <ClCompile Include="GeneticAlgorithm.cpp">
      <Filter>GeneticAlgorithm</Filter>
    </ClCompile>
    <ClCompile Include="Timer.cpp">
      <Filter>Timer</Filter>
    </ClCompile>
    <ClCompile Include="TranspositionTable.cpp">
      <Filter>ChessHelpers</Filter>
    </ClCompile>
    <ClCompile Include="ChessMatch.cpp">
      <Filter>ChessHelpers</Filter>
    </ClCompile>
  </ItemGroup>
  <ItemGroup>
    <ClInclude Include="3rdParty\ChessLibrary\thc.h">
      <Filter>ChessLibrary</Filter>
    </ClInclude>
    <ClInclude Include="ChessGUI.h">
      <Filter>GUI</Filter>
    </ClInclude>
    <ClInclude Include="ChessPlayer.h">
      <Filter>ChessPlayer</Filter>
    </ClInclude>
    <ClInclude Include="HumanPlayer.h">
      <Filter>ChessPlayer</Filter>
    </ClInclude>
    <ClInclude Include="ChessGame.h">
      <Filter>ChessGame</Filter>
    </ClInclude>
    <ClInclude Include="RandomBot.h">
      <Filter>ChessPlayer</Filter>
    </ClInclude>
    <ClInclude Include="MiniMaxPlayer.h">
      <Filter>ChessPlayer</Filter>
    </ClInclude>
    <ClInclude Include="EvalFunctions.h">
      <Filter>ChessHelpers</Filter>
    </ClInclude>
    <ClInclude Include="NeuralNetwork.h">
      <Filter>NeuralNet</Filter>
    </ClInclude>
    <ClInclude Include="ActivationFunctions.h">
      <Filter>NeuralNet</Filter>
    </ClInclude>
    <ClInclude Include="GeneticAlgorithm.h">
      <Filter>GeneticAlgorithm</Filter>
    </ClInclude>
    <ClInclude Include="Timer.h">
      <Filter>Timer</Filter>
    </ClInclude>
    <ClInclude Include="TranspositionTable.h">
      <Filter>ChessHelpers</Filter>
    </ClInclude>
    <ClInclude Include="MoveOrdering.h">
      <Filter>ChessHelpers</Filter>
    </ClInclude>
    <ClInclude Include="ChessMatch.h">
      <Filter>ChessHelpers</Filter>
    </ClInclude>
  </ItemGroup>
</Project>