<?xml version="1.0" encoding="utf-8"?>
<Project ToolsVersion="4.0" xmlns="http://schemas.microsoft.com/developer/msbuild/2003">
  <ItemGroup>
    <Filter Include="GUI">
      <UniqueIdentifier>{89e8cd06-3cdb-4b80-8d73-7a26442db522}</UniqueIdentifier>
    </Filter>
    <Filter Include="ChessLibrary">
      <UniqueIdentifier>{607578bf-63d3-4bf4-8941-78f2ae3226aa}</UniqueIdentifier>
    </Filter>
    <Filter Include="main">
      <UniqueIdentifier>{7dad9d48-e77a-4059-9f47-ff45421a3bb8}</UniqueIdentifier>
    </Filter>
    <Filter Include="ChessPlayer">
      <UniqueIdentifier>{eb68077a-c3c8-474d-92e2-c1c4b69c3e66}</UniqueIdentifier>
    </Filter>
  </ItemGroup>
  <ItemGroup>
    <ClCompile Include="3rdParty\ChessLibrary\thc.cpp">
      <Filter>ChessLibrary</Filter>
    </ClCompile>
    <ClCompile Include="GeneticChessAi.cpp">
      <Filter>main</Filter>
    </ClCompile>
    <ClCompile Include="ChessGUI.cpp">
      <Filter>GUI</Filter>
    </ClCompile>
  </ItemGroup>
  <ItemGroup>
    <ClInclude Include="3rdParty\ChessLibrary\thc.h">
      <Filter>ChessLibrary</Filter>
    </ClInclude>
    <ClInclude Include="ChessGUI.h">
      <Filter>GUI</Filter>
    </ClInclude>
  </ItemGroup>
</Project>